# Auto generated by Enzi v0.8.2
[metadata.config]
path = "/home/motyu/ic_projs/adapters/Enzi.toml"
mtime = 1595629837492554726

[dependencies.common_cells]
source = "/home/motyu/ic_projs/common_cells"
revision = "28dcce958ecf1ebbf9b17b426820a15dd2ae9d23"
version = "0.1.0"
dependencies = []

[cache.git.common_cells]
path = "/home/motyu/ic_projs/adapters/build/database/git/db/common_cells"
