# Auto generated by Enzi v0.8.2
[metadata.config]
path = "/home/motyu/ic_projs/adapters/Enzi.toml"
mtime = 1595738548869422327

[dependencies.common_cells]
source = "/home/motyu/ic_projs/common_cells"
revision = "114cd2b94422460e51c957bf55417e09e01139e5"
version = "0.1.1"
dependencies = []

[cache.git.common_cells]
path = "/home/motyu/ic_projs/adapters/build/database/git/db/common_cells"
